
Microsoft Visual Studio Solution File, Format Version 12.00
# Visual Studio Version 16
VisualStudioVersion = 16.0.31129.286
MinimumVisualStudioVersion = 10.0.40219.1
Project("{2150E333-8FDC-42A3-9474-1A3956D46DE8}") = "Infra.Bus", "Infra.Bus", "{D5DB6CE2-AD68-4CA3-BC6F-5A960E0F8F2B}"
EndProject
Project("{2150E333-8FDC-42A3-9474-1A3956D46DE8}") = "Presentation", "Presentation", "{15B4B612-899E-428E-AAD2-F957B00FAEC2}"
EndProject
Project("{2150E333-8FDC-42A3-9474-1A3956D46DE8}") = "MicroServices", "MicroServices", "{8B811237-0ADC-40DF-A676-3E6F2B5840C0}"
EndProject
Project("{2150E333-8FDC-42A3-9474-1A3956D46DE8}") = "Domain", "Domain", "{F2CCA9A2-35DC-4F9F-80BA-80BE1510327E}"
EndProject
Project("{2150E333-8FDC-42A3-9474-1A3956D46DE8}") = "Infra.IoC", "Infra.IoC", "{F7854B3C-0094-4F3F-94C4-BEABBDF6F3A8}"
EndProject
Project("{FAE04EC0-301F-11D3-BF4B-00C04F79EFBC}") = "MicroServices_RabbitMQ.Domain.Core", "MicroServices_RabbitMQ.Domain.Core\MicroServices_RabbitMQ.Domain.Core.csproj", "{746CC425-5BBC-4B9C-B6F9-61F4CF663DBE}"
EndProject
Project("{FAE04EC0-301F-11D3-BF4B-00C04F79EFBC}") = "MicroServices_RabbitMQ.Infra.Bus", "MicroServices_RabbitMQ.Infra.Bus\MicroServices_RabbitMQ.Infra.Bus.csproj", "{29717B4C-B608-4351-9C19-F0B5A90127C6}"
EndProject
Project("{FAE04EC0-301F-11D3-BF4B-00C04F79EFBC}") = "MicroServices_RabbitMQ.Infra.IoC", "MicroServices_RabbitMQ.Infra.IoC\MicroServices_RabbitMQ.Infra.IoC.csproj", "{FB84AF4D-0F42-4DB7-8C6A-30E94D948BDB}"
EndProject
Global
	GlobalSection(SolutionConfigurationPlatforms) = preSolution
		Debug|Any CPU = Debug|Any CPU
		Release|Any CPU = Release|Any CPU
	EndGlobalSection
	GlobalSection(ProjectConfigurationPlatforms) = postSolution
		{746CC425-5BBC-4B9C-B6F9-61F4CF663DBE}.Debug|Any CPU.ActiveCfg = Debug|Any CPU
		{746CC425-5BBC-4B9C-B6F9-61F4CF663DBE}.Debug|Any CPU.Build.0 = Debug|Any CPU
		{746CC425-5BBC-4B9C-B6F9-61F4CF663DBE}.Release|Any CPU.ActiveCfg = Release|Any CPU
		{746CC425-5BBC-4B9C-B6F9-61F4CF663DBE}.Release|Any CPU.Build.0 = Release|Any CPU
		{29717B4C-B608-4351-9C19-F0B5A90127C6}.Debug|Any CPU.ActiveCfg = Debug|Any CPU
		{29717B4C-B608-4351-9C19-F0B5A90127C6}.Debug|Any CPU.Build.0 = Debug|Any CPU
		{29717B4C-B608-4351-9C19-F0B5A90127C6}.Release|Any CPU.ActiveCfg = Release|Any CPU
		{29717B4C-B608-4351-9C19-F0B5A90127C6}.Release|Any CPU.Build.0 = Release|Any CPU
		{FB84AF4D-0F42-4DB7-8C6A-30E94D948BDB}.Debug|Any CPU.ActiveCfg = Debug|Any CPU
		{FB84AF4D-0F42-4DB7-8C6A-30E94D948BDB}.Debug|Any CPU.Build.0 = Debug|Any CPU
		{FB84AF4D-0F42-4DB7-8C6A-30E94D948BDB}.Release|Any CPU.ActiveCfg = Release|Any CPU
		{FB84AF4D-0F42-4DB7-8C6A-30E94D948BDB}.Release|Any CPU.Build.0 = Release|Any CPU
	EndGlobalSection
	GlobalSection(SolutionProperties) = preSolution
		HideSolutionNode = FALSE
	EndGlobalSection
	GlobalSection(NestedProjects) = preSolution
		{746CC425-5BBC-4B9C-B6F9-61F4CF663DBE} = {F2CCA9A2-35DC-4F9F-80BA-80BE1510327E}
		{29717B4C-B608-4351-9C19-F0B5A90127C6} = {D5DB6CE2-AD68-4CA3-BC6F-5A960E0F8F2B}
		{FB84AF4D-0F42-4DB7-8C6A-30E94D948BDB} = {F7854B3C-0094-4F3F-94C4-BEABBDF6F3A8}
	EndGlobalSection
	GlobalSection(ExtensibilityGlobals) = postSolution
		SolutionGuid = {904D326A-5359-4EFB-B42B-91717E7498C3}
	EndGlobalSection
EndGlobal
